
Microsoft Visual Studio Solution File, Format Version 12.00
# Visual Studio Version 17
VisualStudioVersion = 17.3.32819.101
MinimumVisualStudioVersion = 10.0.40219.1
Project("{FAE04EC0-301F-11D3-BF4B-00C04F79EFBC}") = "ejercicio1", "ejercicio1\ejercicio1.csproj", "{E3401F26-7BFD-44B4-B6D2-1134B9F143ED}"
EndProject
Global
	GlobalSection(SolutionConfigurationPlatforms) = preSolution
		Debug|Any CPU = Debug|Any CPU
		Release|Any CPU = Release|Any CPU
	EndGlobalSection
	GlobalSection(ProjectConfigurationPlatforms) = postSolution
		{E3401F26-7BFD-44B4-B6D2-1134B9F143ED}.Debug|Any CPU.ActiveCfg = Debug|Any CPU
		{E3401F26-7BFD-44B4-B6D2-1134B9F143ED}.Debug|Any CPU.Build.0 = Debug|Any CPU
		{E3401F26-7BFD-44B4-B6D2-1134B9F143ED}.Release|Any CPU.ActiveCfg = Release|Any CPU
		{E3401F26-7BFD-44B4-B6D2-1134B9F143ED}.Release|Any CPU.Build.0 = Release|Any CPU
	EndGlobalSection
	GlobalSection(SolutionProperties) = preSolution
		HideSolutionNode = FALSE
	EndGlobalSection
	GlobalSection(ExtensibilityGlobals) = postSolution
		SolutionGuid = {BC03D1FE-24CF-4EFE-AA7C-C7A09932E228}
	EndGlobalSection
EndGlobal
